
Microsoft Visual Studio Solution File, Format Version 11.00
# Visual Studio 2010
Project("{FAE04EC0-301F-11D3-BF4B-00C04F79EFBC}") = "CaptainsLog", "CaptainsLog\CaptainsLog.csproj", "{9306FF66-9AEF-471C-98C6-AC3AE1B2725C}"
EndProject
Project("{2150E333-8FDC-42A3-9474-1A3956D46DE8}") = "Solution Items", "Solution Items", "{44D9CBD5-C591-4722-B8E3-ABAFDD8BBC17}"
EndProject
Global
	GlobalSection(SolutionConfigurationPlatforms) = preSolution
		Debug|Any CPU = Debug|Any CPU
		Debug|Mixed Platforms = Debug|Mixed Platforms
		Debug|x86 = Debug|x86
		Release|Any CPU = Release|Any CPU
		Release|Mixed Platforms = Release|Mixed Platforms
		Release|x86 = Release|x86
	EndGlobalSection
	GlobalSection(ProjectConfigurationPlatforms) = postSolution
		{9306FF66-9AEF-471C-98C6-AC3AE1B2725C}.Debug|Any CPU.ActiveCfg = Debug|x86
		{9306FF66-9AEF-471C-98C6-AC3AE1B2725C}.Debug|Mixed Platforms.ActiveCfg = Debug|x86
		{9306FF66-9AEF-471C-98C6-AC3AE1B2725C}.Debug|Mixed Platforms.Build.0 = Debug|x86
		{9306FF66-9AEF-471C-98C6-AC3AE1B2725C}.Debug|x86.ActiveCfg = Debug|x86
		{9306FF66-9AEF-471C-98C6-AC3AE1B2725C}.Debug|x86.Build.0 = Debug|x86
		{9306FF66-9AEF-471C-98C6-AC3AE1B2725C}.Release|Any CPU.ActiveCfg = Release|x86
		{9306FF66-9AEF-471C-98C6-AC3AE1B2725C}.Release|Mixed Platforms.ActiveCfg = Release|Any CPU
		{9306FF66-9AEF-471C-98C6-AC3AE1B2725C}.Release|Mixed Platforms.Build.0 = Release|Any CPU
		{9306FF66-9AEF-471C-98C6-AC3AE1B2725C}.Release|x86.ActiveCfg = Release|x86
		{9306FF66-9AEF-471C-98C6-AC3AE1B2725C}.Release|x86.Build.0 = Release|x86
	EndGlobalSection
	GlobalSection(SolutionProperties) = preSolution
		HideSolutionNode = FALSE
	EndGlobalSection
EndGlobal
